
Microsoft Visual Studio Solution File, Format Version 12.00
# Visual Studio Version 17
VisualStudioVersion = 17.1.32328.378
MinimumVisualStudioVersion = 10.0.40219.1
Project("{FAE04EC0-301F-11D3-BF4B-00C04F79EFBC}") = "TaskFormApp", "TaskFormApp\TaskFormApp.csproj", "{D50B2C06-1140-4C4F-905D-2E676091BB0A}"
EndProject
Project("{9A19103F-16F7-4668-BE54-9A1E7A4F7556}") = "TaskWebApp.API", "TaskWebApp.API\TaskWebApp.API.csproj", "{1C658EF9-D2E8-49B1-83F0-E092567585D8}"
EndProject
Project("{9A19103F-16F7-4668-BE54-9A1E7A4F7556}") = "TaskConsoleApp", "TaskConsoleApp\TaskConsoleApp.csproj", "{0E8ADF89-6AF1-44B0-B07E-31C718F8949D}"
EndProject
Project("{9A19103F-16F7-4668-BE54-9A1E7A4F7556}") = "TaskConsoleApp.WhenAll", "TaskConsoleApp.WhenAll\TaskConsoleApp.WhenAll.csproj", "{067CB999-276F-4B8C-9741-D2B3C1762EC4}"
EndProject
Project("{FAE04EC0-301F-11D3-BF4B-00C04F79EFBC}") = "TaskThreadApp", "TaskThreadApp\TaskThreadApp.csproj", "{7B3BD4B6-5366-4CBF-A2A9-89E6E5E3B6EA}"
EndProject
Project("{9A19103F-16F7-4668-BE54-9A1E7A4F7556}") = "TaskConsoleApp2.StartNew", "TaskConsoleApp2.StartNew\TaskConsoleApp2.StartNew.csproj", "{E54FED7C-C30E-44CF-BF1D-43BC1636BBF8}"
EndProject
Project("{FAE04EC0-301F-11D3-BF4B-00C04F79EFBC}") = "TaskConsoleApp.FromResult", "TaskConsoleApp.FromResult\TaskConsoleApp.FromResult.csproj", "{01B4852E-0539-41FA-9942-C88A0566B491}"
EndProject
Project("{FAE04EC0-301F-11D3-BF4B-00C04F79EFBC}") = "TaskCancellationFormApp", "TaskCancellationFormApp\TaskCancellationFormApp.csproj", "{0A0DB74A-C72E-440C-BDFC-1C66272224CA}"
EndProject
Project("{9A19103F-16F7-4668-BE54-9A1E7A4F7556}") = "TaskCancellation2WebApp.API", "TaskCancellation2WebApp.API\TaskCancellation2WebApp.API.csproj", "{BACB30E2-7446-4E40-B46D-1F67E0159F0F}"
EndProject
Global
	GlobalSection(SolutionConfigurationPlatforms) = preSolution
		Debug|Any CPU = Debug|Any CPU
		Release|Any CPU = Release|Any CPU
	EndGlobalSection
	GlobalSection(ProjectConfigurationPlatforms) = postSolution
		{D50B2C06-1140-4C4F-905D-2E676091BB0A}.Debug|Any CPU.ActiveCfg = Debug|Any CPU
		{D50B2C06-1140-4C4F-905D-2E676091BB0A}.Debug|Any CPU.Build.0 = Debug|Any CPU
		{D50B2C06-1140-4C4F-905D-2E676091BB0A}.Release|Any CPU.ActiveCfg = Release|Any CPU
		{D50B2C06-1140-4C4F-905D-2E676091BB0A}.Release|Any CPU.Build.0 = Release|Any CPU
		{1C658EF9-D2E8-49B1-83F0-E092567585D8}.Debug|Any CPU.ActiveCfg = Debug|Any CPU
		{1C658EF9-D2E8-49B1-83F0-E092567585D8}.Debug|Any CPU.Build.0 = Debug|Any CPU
		{1C658EF9-D2E8-49B1-83F0-E092567585D8}.Release|Any CPU.ActiveCfg = Release|Any CPU
		{1C658EF9-D2E8-49B1-83F0-E092567585D8}.Release|Any CPU.Build.0 = Release|Any CPU
		{0E8ADF89-6AF1-44B0-B07E-31C718F8949D}.Debug|Any CPU.ActiveCfg = Debug|Any CPU
		{0E8ADF89-6AF1-44B0-B07E-31C718F8949D}.Debug|Any CPU.Build.0 = Debug|Any CPU
		{0E8ADF89-6AF1-44B0-B07E-31C718F8949D}.Release|Any CPU.ActiveCfg = Release|Any CPU
		{0E8ADF89-6AF1-44B0-B07E-31C718F8949D}.Release|Any CPU.Build.0 = Release|Any CPU
		{067CB999-276F-4B8C-9741-D2B3C1762EC4}.Debug|Any CPU.ActiveCfg = Debug|Any CPU
		{067CB999-276F-4B8C-9741-D2B3C1762EC4}.Debug|Any CPU.Build.0 = Debug|Any CPU
		{067CB999-276F-4B8C-9741-D2B3C1762EC4}.Release|Any CPU.ActiveCfg = Release|Any CPU
		{067CB999-276F-4B8C-9741-D2B3C1762EC4}.Release|Any CPU.Build.0 = Release|Any CPU
		{7B3BD4B6-5366-4CBF-A2A9-89E6E5E3B6EA}.Debug|Any CPU.ActiveCfg = Debug|Any CPU
		{7B3BD4B6-5366-4CBF-A2A9-89E6E5E3B6EA}.Debug|Any CPU.Build.0 = Debug|Any CPU
		{7B3BD4B6-5366-4CBF-A2A9-89E6E5E3B6EA}.Release|Any CPU.ActiveCfg = Release|Any CPU
		{7B3BD4B6-5366-4CBF-A2A9-89E6E5E3B6EA}.Release|Any CPU.Build.0 = Release|Any CPU
		{E54FED7C-C30E-44CF-BF1D-43BC1636BBF8}.Debug|Any CPU.ActiveCfg = Debug|Any CPU
		{E54FED7C-C30E-44CF-BF1D-43BC1636BBF8}.Debug|Any CPU.Build.0 = Debug|Any CPU
		{E54FED7C-C30E-44CF-BF1D-43BC1636BBF8}.Release|Any CPU.ActiveCfg = Release|Any CPU
		{E54FED7C-C30E-44CF-BF1D-43BC1636BBF8}.Release|Any CPU.Build.0 = Release|Any CPU
		{01B4852E-0539-41FA-9942-C88A0566B491}.Debug|Any CPU.ActiveCfg = Debug|Any CPU
		{01B4852E-0539-41FA-9942-C88A0566B491}.Debug|Any CPU.Build.0 = Debug|Any CPU
		{01B4852E-0539-41FA-9942-C88A0566B491}.Release|Any CPU.ActiveCfg = Release|Any CPU
		{01B4852E-0539-41FA-9942-C88A0566B491}.Release|Any CPU.Build.0 = Release|Any CPU
		{0A0DB74A-C72E-440C-BDFC-1C66272224CA}.Debug|Any CPU.ActiveCfg = Debug|Any CPU
		{0A0DB74A-C72E-440C-BDFC-1C66272224CA}.Debug|Any CPU.Build.0 = Debug|Any CPU
		{0A0DB74A-C72E-440C-BDFC-1C66272224CA}.Release|Any CPU.ActiveCfg = Release|Any CPU
		{0A0DB74A-C72E-440C-BDFC-1C66272224CA}.Release|Any CPU.Build.0 = Release|Any CPU
		{BACB30E2-7446-4E40-B46D-1F67E0159F0F}.Debug|Any CPU.ActiveCfg = Debug|Any CPU
		{BACB30E2-7446-4E40-B46D-1F67E0159F0F}.Debug|Any CPU.Build.0 = Debug|Any CPU
		{BACB30E2-7446-4E40-B46D-1F67E0159F0F}.Release|Any CPU.ActiveCfg = Release|Any CPU
		{BACB30E2-7446-4E40-B46D-1F67E0159F0F}.Release|Any CPU.Build.0 = Release|Any CPU
	EndGlobalSection
	GlobalSection(SolutionProperties) = preSolution
		HideSolutionNode = FALSE
	EndGlobalSection
	GlobalSection(ExtensibilityGlobals) = postSolution
		SolutionGuid = {D56601D6-9E52-4651-9C86-A490BC161FED}
	EndGlobalSection
EndGlobal
